// !$*UTF8*$!
{
	archiveVersion = 1;
	classes = {
	};
	objectVersion = 46;
	objects = {

/* Begin PBXBuildFile section */
		423EB7B41BB65BC000860785 /* main.m in Sources */ = {isa = PBXBuildFile; fileRef = 423EB7B31BB65BC000860785 /* main.m */; };
		423EB7B71BB65BC000860785 /* AppDelegate.m in Sources */ = {isa = PBXBuildFile; fileRef = 423EB7B61BB65BC000860785 /* AppDelegate.m */; };
		423EB7BA1BB65BC000860785 /* ViewController.m in Sources */ = {isa = PBXBuildFile; fileRef = 423EB7B91BB65BC000860785 /* ViewController.m */; };
		423EB7BD1BB65BC000860785 /* Main.storyboard in Resources */ = {isa = PBXBuildFile; fileRef = 423EB7BB1BB65BC000860785 /* Main.storyboard */; };
		423EB7BF1BB65BC000860785 /* Assets.xcassets in Resources */ = {isa = PBXBuildFile; fileRef = 423EB7BE1BB65BC000860785 /* Assets.xcassets */; };
		423EB7C21BB65BC000860785 /* LaunchScreen.storyboard in Resources */ = {isa = PBXBuildFile; fileRef = 423EB7C01BB65BC000860785 /* LaunchScreen.storyboard */; };
		423EB7CD1BB65BC000860785 /* CCMovedButtonTests.m in Sources */ = {isa = PBXBuildFile; fileRef = 423EB7CC1BB65BC000860785 /* CCMovedButtonTests.m */; };
		423EB7D81BB65BC000860785 /* CCMovedButtonUITests.m in Sources */ = {isa = PBXBuildFile; fileRef = 423EB7D71BB65BC000860785 /* CCMovedButtonUITests.m */; };
		423EB7E81BB65BE000860785 /* CCMovedBtn.m in Sources */ = {isa = PBXBuildFile; fileRef = 423EB7E71BB65BE000860785 /* CCMovedBtn.m */; settings = {ASSET_TAGS = (); }; };
		423EB7EA1BB65C4800860785 /* girl.png in Resources */ = {isa = PBXBuildFile; fileRef = 423EB7E91BB65C4800860785 /* girl.png */; settings = {ASSET_TAGS = (); }; };
/* End PBXBuildFile section */

/* Begin PBXContainerItemProxy section */
		423EB7C91BB65BC000860785 /* PBXContainerItemProxy */ = {
			isa = PBXContainerItemProxy;
			containerPortal = 423EB7A71BB65BC000860785 /* Project object */;
			proxyType = 1;
			remoteGlobalIDString = 423EB7AE1BB65BC000860785;
			remoteInfo = CCMovedButton;
		};
		423EB7D41BB65BC000860785 /* PBXContainerItemProxy */ = {
			isa = PBXContainerItemProxy;
			containerPortal = 423EB7A71BB65BC000860785 /* Project object */;
			proxyType = 1;
			remoteGlobalIDString = 423EB7AE1BB65BC000860785;
			remoteInfo = CCMovedButton;
		};
/* End PBXContainerItemProxy section */

/* Begin PBXFileReference section */
		423EB7AF1BB65BC000860785 /* CCMovedButton.app */ = {isa = PBXFileReference; explicitFileType = wrapper.application; includeInIndex = 0; path = CCMovedButton.app; sourceTree = BUILT_PRODUCTS_DIR; };
		423EB7B31BB65BC000860785 /* main.m */ = {isa = PBXFileReference; lastKnownFileType = sourcecode.c.objc; path = main.m; sourceTree = "<group>"; };
		423EB7B51BB65BC000860785 /* AppDelegate.h */ = {isa = PBXFileReference; lastKnownFileType = sourcecode.c.h; path = AppDelegate.h; sourceTree = "<group>"; };
		423EB7B61BB65BC000860785 /* AppDelegate.m */ = {isa = PBXFileReference; lastKnownFileType = sourcecode.c.objc; path = AppDelegate.m; sourceTree = "<group>"; };
		423EB7B81BB65BC000860785 /* ViewController.h */ = {isa = PBXFileReference; lastKnownFileType = sourcecode.c.h; path = ViewController.h; sourceTree = "<group>"; };
		423EB7B91BB65BC000860785 /* ViewController.m */ = {isa = PBXFileReference; lastKnownFileType = sourcecode.c.objc; path = ViewController.m; sourceTree = "<group>"; };
		423EB7BC1BB65BC000860785 /* Base */ = {isa = PBXFileReference; lastKnownFileType = file.storyboard; name = Base; path = Base.lproj/Main.storyboard; sourceTree = "<group>"; };
		423EB7BE1BB65BC000860785 /* Assets.xcassets */ = {isa = PBXFileReference; lastKnownFileType = folder.assetcatalog; path = Assets.xcassets; sourceTree = "<group>"; };
		423EB7C11BB65BC000860785 /* Base */ = {isa = PBXFileReference; lastKnownFileType = file.storyboard; name = Base; path = Base.lproj/LaunchScreen.storyboard; sourceTree = "<group>"; };
		423EB7C31BB65BC000860785 /* Info.plist */ = {isa = PBXFileReference; lastKnownFileType = text.plist.xml; path = Info.plist; sourceTree = "<group>"; };
		423EB7C81BB65BC000860785 /* CCMovedButtonTests.xctest */ = {isa = PBXFileReference; explicitFileType = wrapper.cfbundle; includeInIndex = 0; path = CCMovedButtonTests.xctest; sourceTree = BUILT_PRODUCTS_DIR; };
		423EB7CC1BB65BC000860785 /* CCMovedButtonTests.m */ = {isa = PBXFileReference; lastKnownFileType = sourcecode.c.objc; path = CCMovedButtonTests.m; sourceTree = "<group>"; };
		423EB7CE1BB65BC000860785 /* Info.plist */ = {isa = PBXFileReference; lastKnownFileType = text.plist.xml; path = Info.plist; sourceTree = "<group>"; };
		423EB7D31BB65BC000860785 /* CCMovedButtonUITests.xctest */ = {isa = PBXFileReference; explicitFileType = wrapper.cfbundle; includeInIndex = 0; path = CCMovedButtonUITests.xctest; sourceTree = BUILT_PRODUCTS_DIR; };
		423EB7D71BB65BC000860785 /* CCMovedButtonUITests.m */ = {isa = PBXFileReference; lastKnownFileType = sourcecode.c.objc; path = CCMovedButtonUITests.m; sourceTree = "<group>"; };
		423EB7D91BB65BC000860785 /* Info.plist */ = {isa = PBXFileReference; lastKnownFileType = text.plist.xml; path = Info.plist; sourceTree = "<group>"; };
		423EB7E61BB65BE000860785 /* CCMovedBtn.h */ = {isa = PBXFileReference; fileEncoding = 4; lastKnownFileType = sourcecode.c.h; path = CCMovedBtn.h; sourceTree = "<group>"; };
		423EB7E71BB65BE000860785 /* CCMovedBtn.m */ = {isa = PBXFileReference; fileEncoding = 4; lastKnownFileType = sourcecode.c.objc; path = CCMovedBtn.m; sourceTree = "<group>"; };
		423EB7E91BB65C4800860785 /* girl.png */ = {isa = PBXFileReference; lastKnownFileType = image.png; path = girl.png; sourceTree = "<group>"; };
/* End PBXFileReference section */

/* Begin PBXFrameworksBuildPhase section */
		423EB7AC1BB65BC000860785 /* Frameworks */ = {
			isa = PBXFrameworksBuildPhase;
			buildActionMask = 2147483647;
			files = (
			);
			runOnlyForDeploymentPostprocessing = 0;
		};
		423EB7C51BB65BC000860785 /* Frameworks */ = {
			isa = PBXFrameworksBuildPhase;
			buildActionMask = 2147483647;
			files = (
			);
			runOnlyForDeploymentPostprocessing = 0;
		};
		423EB7D01BB65BC000860785 /* Frameworks */ = {
			isa = PBXFrameworksBuildPhase;
			buildActionMask = 2147483647;
			files = (
			);
			runOnlyForDeploymentPostprocessing = 0;
		};
/* End PBXFrameworksBuildPhase section */

/* Begin PBXGroup section */
		423EB7A61BB65BC000860785 = {
			isa = PBXGroup;
			children = (
				423EB7E51BB65BE000860785 /* CCMovedBtn */,
				423EB7B11BB65BC000860785 /* CCMovedButtonDemo */,
				423EB7CB1BB65BC000860785 /* CCMovedButtonTests */,
				423EB7D61BB65BC000860785 /* CCMovedButtonUITests */,
				423EB7B01BB65BC000860785 /* Products */,
			);
			sourceTree = "<group>";
		};
		423EB7B01BB65BC000860785 /* Products */ = {
			isa = PBXGroup;
			children = (
				423EB7AF1BB65BC000860785 /* CCMovedButton.app */,
				423EB7C81BB65BC000860785 /* CCMovedButtonTests.xctest */,
				423EB7D31BB65BC000860785 /* CCMovedButtonUITests.xctest */,
			);
			name = Products;
			sourceTree = "<group>";
		};
		423EB7B11BB65BC000860785 /* CCMovedButtonDemo */ = {
			isa = PBXGroup;
			children = (
				423EB7B51BB65BC000860785 /* AppDelegate.h */,
				423EB7B61BB65BC000860785 /* AppDelegate.m */,
				423EB7B81BB65BC000860785 /* ViewController.h */,
				423EB7B91BB65BC000860785 /* ViewController.m */,
				423EB7BB1BB65BC000860785 /* Main.storyboard */,
				423EB7BE1BB65BC000860785 /* Assets.xcassets */,
				423EB7E91BB65C4800860785 /* girl.png */,
				423EB7C01BB65BC000860785 /* LaunchScreen.storyboard */,
				423EB7C31BB65BC000860785 /* Info.plist */,
				423EB7B21BB65BC000860785 /* Supporting Files */,
			);
			name = CCMovedButtonDemo;
			path = CCMovedButton;
			sourceTree = "<group>";
		};
		423EB7B21BB65BC000860785 /* Supporting Files */ = {
			isa = PBXGroup;
			children = (
				423EB7B31BB65BC000860785 /* main.m */,
			);
			name = "Supporting Files";
			sourceTree = "<group>";
		};
		423EB7CB1BB65BC000860785 /* CCMovedButtonTests */ = {
			isa = PBXGroup;
			children = (
				423EB7CC1BB65BC000860785 /* CCMovedButtonTests.m */,
				423EB7CE1BB65BC000860785 /* Info.plist */,
			);
			path = CCMovedButtonTests;
			sourceTree = "<group>";
		};
		423EB7D61BB65BC000860785 /* CCMovedButtonUITests */ = {
			isa = PBXGroup;
			children = (
				423EB7D71BB65BC000860785 /* CCMovedButtonUITests.m */,
				423EB7D91BB65BC000860785 /* Info.plist */,
			);
			path = CCMovedButtonUITests;
			sourceTree = "<group>";
		};
		423EB7E51BB65BE000860785 /* CCMovedBtn */ = {
			isa = PBXGroup;
			children = (
				423EB7E61BB65BE000860785 /* CCMovedBtn.h */,
				423EB7E71BB65BE000860785 /* CCMovedBtn.m */,
			);
			name = CCMovedBtn;
			path = CCMovedButton/CCMovedBtn;
			sourceTree = "<group>";
		};
/* End PBXGroup section */

/* Begin PBXNativeTarget section */
		423EB7AE1BB65BC000860785 /* CCMovedButton */ = {
			isa = PBXNativeTarget;
			buildConfigurationList = 423EB7DC1BB65BC000860785 /* Build configuration list for PBXNativeTarget "CCMovedButton" */;
			buildPhases = (
				423EB7AB1BB65BC000860785 /* Sources */,
				423EB7AC1BB65BC000860785 /* Frameworks */,
				423EB7AD1BB65BC000860785 /* Resources */,
			);
			buildRules = (
			);
			dependencies = (
			);
			name = CCMovedButton;
			productName = CCMovedButton;
			productReference = 423EB7AF1BB65BC000860785 /* CCMovedButton.app */;
			productType = "com.apple.product-type.application";
		};
		423EB7C71BB65BC000860785 /* CCMovedButtonTests */ = {
			isa = PBXNativeTarget;
			buildConfigurationList = 423EB7DF1BB65BC000860785 /* Build configuration list for PBXNativeTarget "CCMovedButtonTests" */;
			buildPhases = (
				423EB7C41BB65BC000860785 /* Sources */,
				423EB7C51BB65BC000860785 /* Frameworks */,
				423EB7C61BB65BC000860785 /* Resources */,
			);
			buildRules = (
			);
			dependencies = (
				423EB7CA1BB65BC000860785 /* PBXTargetDependency */,
			);
			name = CCMovedButtonTests;
			productName = CCMovedButtonTests;
			productReference = 423EB7C81BB65BC000860785 /* CCMovedButtonTests.xctest */;
			productType = "com.apple.product-type.bundle.unit-test";
		};
		423EB7D21BB65BC000860785 /* CCMovedButtonUITests */ = {
			isa = PBXNativeTarget;
			buildConfigurationList = 423EB7E21BB65BC000860785 /* Build configuration list for PBXNativeTarget "CCMovedButtonUITests" */;
			buildPhases = (
				423EB7CF1BB65BC000860785 /* Sources */,
				423EB7D01BB65BC000860785 /* Frameworks */,
				423EB7D11BB65BC000860785 /* Resources */,
			);
			buildRules = (
			);
			dependencies = (
				423EB7D51BB65BC000860785 /* PBXTargetDependency */,
			);
			name = CCMovedButtonUITests;
			productName = CCMovedButtonUITests;
			productReference = 423EB7D31BB65BC000860785 /* CCMovedButtonUITests.xctest */;
			productType = "com.apple.product-type.bundle.ui-testing";
		};
/* End PBXNativeTarget section */

/* Begin PBXProject section */
		423EB7A71BB65BC000860785 /* Project object */ = {
			isa = PBXProject;
			attributes = {
				LastUpgradeCheck = 0700;
				ORGANIZATIONNAME = Snake;
				TargetAttributes = {
					423EB7AE1BB65BC000860785 = {
						CreatedOnToolsVersion = 7.0;
						DevelopmentTeam = 958X9LCGNW;
					};
					423EB7C71BB65BC000860785 = {
						CreatedOnToolsVersion = 7.0;
						DevelopmentTeam = 958X9LCGNW;
						TestTargetID = 423EB7AE1BB65BC000860785;
					};
					423EB7D21BB65BC000860785 = {
						CreatedOnToolsVersion = 7.0;
						DevelopmentTeam = 958X9LCGNW;
						TestTargetID = 423EB7AE1BB65BC000860785;
					};
				};
			};
			buildConfigurationList = 423EB7AA1BB65BC000860785 /* Build configuration list for PBXProject "CCMovedButton" */;
			compatibilityVersion = "Xcode 3.2";
			developmentRegion = English;
			hasScannedForEncodings = 0;
			knownRegions = (
				en,
				Base,
			);
			mainGroup = 423EB7A61BB65BC000860785;
			productRefGroup = 423EB7B01BB65BC000860785 /* Products */;
			projectDirPath = "";
			projectRoot = "";
			targets = (
				423EB7AE1BB65BC000860785 /* CCMovedButton */,
				423EB7C71BB65BC000860785 /* CCMovedButtonTests */,
				423EB7D21BB65BC000860785 /* CCMovedButtonUITests */,
			);
		};
/* End PBXProject section */

/* Begin PBXResourcesBuildPhase section */
		423EB7AD1BB65BC000860785 /* Resources */ = {
			isa = PBXResourcesBuildPhase;
			buildActionMask = 2147483647;
			files = (
				423EB7C21BB65BC000860785 /* LaunchScreen.storyboard in Resources */,
				423EB7EA1BB65C4800860785 /* girl.png in Resources */,
				423EB7BF1BB65BC000860785 /* Assets.xcassets in Resources */,
				423EB7BD1BB65BC000860785 /* Main.storyboard in Resources */,
			);
			runOnlyForDeploymentPostprocessing = 0;
		};
		423EB7C61BB65BC000860785 /* Resources */ = {
			isa = PBXResourcesBuildPhase;
			buildActionMask = 2147483647;
			files = (
			);
			runOnlyForDeploymentPostprocessing = 0;
		};
		423EB7D11BB65BC000860785 /* Resources */ = {
			isa = PBXResourcesBuildPhase;
			buildActionMask = 2147483647;
			files = (
			);
			runOnlyForDeploymentPostprocessing = 0;
		};
/* End PBXResourcesBuildPhase section */

/* Begin PBXSourcesBuildPhase section */
		423EB7AB1BB65BC000860785 /* Sources */ = {
			isa = PBXSourcesBuildPhase;
			buildActionMask = 2147483647;
			files = (
				423EB7E81BB65BE000860785 /* CCMovedBtn.m in Sources */,
				423EB7BA1BB65BC000860785 /* ViewController.m in Sources */,
				423EB7B71BB65BC000860785 /* AppDelegate.m in Sources */,
				423EB7B41BB65BC000860785 /* main.m in Sources */,
			);
			runOnlyForDeploymentPostprocessing = 0;
		};
		423EB7C41BB65BC000860785 /* Sources */ = {
			isa = PBXSourcesBuildPhase;
			buildActionMask = 2147483647;
			files = (
				423EB7CD1BB65BC000860785 /* CCMovedButtonTests.m in Sources */,
			);
			runOnlyForDeploymentPostprocessing = 0;
		};
		423EB7CF1BB65BC000860785 /* Sources */ = {
			isa = PBXSourcesBuildPhase;
			buildActionMask = 2147483647;
			files = (
				423EB7D81BB65BC000860785 /* CCMovedButtonUITests.m in Sources */,
			);
			runOnlyForDeploymentPostprocessing = 0;
		};
/* End PBXSourcesBuildPhase section */

/* Begin PBXTargetDependency section */
		423EB7CA1BB65BC000860785 /* PBXTargetDependency */ = {
			isa = PBXTargetDependency;
			target = 423EB7AE1BB65BC000860785 /* CCMovedButton */;
			targetProxy = 423EB7C91BB65BC000860785 /* PBXContainerItemProxy */;
		};
		423EB7D51BB65BC000860785 /* PBXTargetDependency */ = {
			isa = PBXTargetDependency;
			target = 423EB7AE1BB65BC000860785 /* CCMovedButton */;
			targetProxy = 423EB7D41BB65BC000860785 /* PBXContainerItemProxy */;
		};
/* End PBXTargetDependency section */

/* Begin PBXVariantGroup section */
		423EB7BB1BB65BC000860785 /* Main.storyboard */ = {
			isa = PBXVariantGroup;
			children = (
				423EB7BC1BB65BC000860785 /* Base */,
			);
			name = Main.storyboard;
			sourceTree = "<group>";
		};
		423EB7C01BB65BC000860785 /* LaunchScreen.storyboard */ = {
			isa = PBXVariantGroup;
			children = (
				423EB7C11BB65BC000860785 /* Base */,
			);
			name = LaunchScreen.storyboard;
			sourceTree = "<group>";
		};
/* End PBXVariantGroup section */

/* Begin XCBuildConfiguration section */
		423EB7DA1BB65BC000860785 /* Debug */ = {
			isa = XCBuildConfiguration;
			buildSettings = {
				ALWAYS_SEARCH_USER_PATHS = NO;
				CLANG_CXX_LANGUAGE_STANDARD = "gnu++0x";
				CLANG_CXX_LIBRARY = "libc++";
				CLANG_ENABLE_MODULES = YES;
				CLANG_ENABLE_OBJC_ARC = YES;
				CLANG_WARN_BOOL_CONVERSION = YES;
				CLANG_WARN_CONSTANT_CONVERSION = YES;
				CLANG_WARN_DIRECT_OBJC_ISA_USAGE = YES_ERROR;
				CLANG_WARN_EMPTY_BODY = YES;
				CLANG_WARN_ENUM_CONVERSION = YES;
				CLANG_WARN_INT_CONVERSION = YES;
				CLANG_WARN_OBJC_ROOT_CLASS = YES_ERROR;
				CLANG_WARN_UNREACHABLE_CODE = YES;
				CLANG_WARN__DUPLICATE_METHOD_MATCH = YES;
				"CODE_SIGN_IDENTITY[sdk=iphoneos*]" = "iPhone Developer";
				COPY_PHASE_STRIP = NO;
				DEBUG_INFORMATION_FORMAT = dwarf;
				ENABLE_STRICT_OBJC_MSGSEND = YES;
				ENABLE_TESTABILITY = YES;
				GCC_C_LANGUAGE_STANDARD = gnu99;
				GCC_DYNAMIC_NO_PIC = NO;
				GCC_NO_COMMON_BLOCKS = YES;
				GCC_OPTIMIZATION_LEVEL = 0;
				GCC_PREPROCESSOR_DEFINITIONS = (
					"DEBUG=1",
					"$(inherited)",
				);
				GCC_WARN_64_TO_32_BIT_CONVERSION = YES;
				GCC_WARN_ABOUT_RETURN_TYPE = YES_ERROR;
				GCC_WARN_UNDECLARED_SELECTOR = YES;
				GCC_WARN_UNINITIALIZED_AUTOS = YES_AGGRESSIVE;
				GCC_WARN_UNUSED_FUNCTION = YES;
				GCC_WARN_UNUSED_VARIABLE = YES;
				IPHONEOS_DEPLOYMENT_TARGET = 9.0;
				MTL_ENABLE_DEBUG_INFO = YES;
				ONLY_ACTIVE_ARCH = YES;
				SDKROOT = iphoneos;
			};
			name = Debug;
		};
		423EB7DB1BB65BC000860785 /* Release */ = {
			isa = XCBuildConfiguration;
			buildSettings = {
				ALWAYS_SEARCH_USER_PATHS = NO;
				CLANG_CXX_LANGUAGE_STANDARD = "gnu++0x";
				CLANG_CXX_LIBRARY = "libc++";
				CLANG_ENABLE_MODULES = YES;
				CLANG_ENABLE_OBJC_ARC = YES;
				CLANG_WARN_BOOL_CONVERSION = YES;
				CLANG_WARN_CONSTANT_CONVERSION = YES;
				CLANG_WARN_DIRECT_OBJC_ISA_USAGE = YES_ERROR;
				CLANG_WARN_EMPTY_BODY = YES;
				CLANG_WARN_ENUM_CONVERSION = YES;
				CLANG_WARN_INT_CONVERSION = YES;
				CLANG_WARN_OBJC_ROOT_CLASS = YES_ERROR;
				CLANG_WARN_UNREACHABLE_CODE = YES;
				CLANG_WARN__DUPLICATE_METHOD_MATCH = YES;
				"CODE_SIGN_IDENTITY[sdk=iphoneos*]" = "iPhone Developer";
				COPY_PHASE_STRIP = NO;
				DEBUG_INFORMATION_FORMAT = "dwarf-with-dsym";
				ENABLE_NS_ASSERTIONS = NO;
				ENABLE_STRICT_OBJC_MSGSEND = YES;
				GCC_C_LANGUAGE_STANDARD = gnu99;
				GCC_NO_COMMON_BLOCKS = YES;
				GCC_WARN_64_TO_32_BIT_CONVERSION = YES;
				GCC_WARN_ABOUT_RETURN_TYPE = YES_ERROR;
				GCC_WARN_UNDECLARED_SELECTOR = YES;
				GCC_WARN_UNINITIALIZED_AUTOS = YES_AGGRESSIVE;
				GCC_WARN_UNUSED_FUNCTION = YES;
				GCC_WARN_UNUSED_VARIABLE = YES;
				IPHONEOS_DEPLOYMENT_TARGET = 9.0;
				MTL_ENABLE_DEBUG_INFO = NO;
				SDKROOT = iphoneos;
				VALIDATE_PRODUCT = YES;
			};
			name = Release;
		};
		423EB7DD1BB65BC000860785 /* Debug */ = {
			isa = XCBuildConfiguration;
			buildSettings = {
				ASSETCATALOG_COMPILER_APPICON_NAME = AppIcon;
				INFOPLIST_FILE = CCMovedButton/Info.plist;
				LD_RUNPATH_SEARCH_PATHS = "$(inherited) @executable_path/Frameworks";
				PRODUCT_BUNDLE_IDENTIFIER = Snake.CCMovedButton;
				PRODUCT_NAME = "$(TARGET_NAME)";
			};
			name = Debug;
		};
		423EB7DE1BB65BC000860785 /* Release */ = {
			isa = XCBuildConfiguration;
			buildSettings = {
				ASSETCATALOG_COMPILER_APPICON_NAME = AppIcon;
				INFOPLIST_FILE = CCMovedButton/Info.plist;
				LD_RUNPATH_SEARCH_PATHS = "$(inherited) @executable_path/Frameworks";
				PRODUCT_BUNDLE_IDENTIFIER = Snake.CCMovedButton;
				PRODUCT_NAME = "$(TARGET_NAME)";
			};
			name = Release;
		};
		423EB7E01BB65BC000860785 /* Debug */ = {
			isa = XCBuildConfiguration;
			buildSettings = {
				BUNDLE_LOADER = "$(TEST_HOST)";
				INFOPLIST_FILE = CCMovedButtonTests/Info.plist;
				LD_RUNPATH_SEARCH_PATHS = "$(inherited) @executable_path/Frameworks @loader_path/Frameworks";
				PRODUCT_BUNDLE_IDENTIFIER = Snake.CCMovedButtonTests;
				PRODUCT_NAME = "$(TARGET_NAME)";
				TEST_HOST = "$(BUILT_PRODUCTS_DIR)/CCMovedButton.app/CCMovedButton";
			};
			name = Debug;
		};
		423EB7E11BB65BC000860785 /* Release */ = {
			isa = XCBuildConfiguration;
			buildSettings = {
				BUNDLE_LOADER = "$(TEST_HOST)";
				INFOPLIST_FILE = CCMovedButtonTests/Info.plist;
				LD_RUNPATH_SEARCH_PATHS = "$(inherited) @executable_path/Frameworks @loader_path/Frameworks";
				PRODUCT_BUNDLE_IDENTIFIER = Snake.CCMovedButtonTests;
				PRODUCT_NAME = "$(TARGET_NAME)";
				TEST_HOST = "$(BUILT_PRODUCTS_DIR)/CCMovedButton.app/CCMovedButton";
			};
			name = Release;
		};
		423EB7E31BB65BC000860785 /* Debug */ = {
			isa = XCBuildConfiguration;
			buildSettings = {
				INFOPLIST_FILE = CCMovedButtonUITests/Info.plist;
				LD_RUNPATH_SEARCH_PATHS = "$(inherited) @executable_path/Frameworks @loader_path/Frameworks";
				PRODUCT_BUNDLE_IDENTIFIER = Snake.CCMovedButtonUITests;
				PRODUCT_NAME = "$(TARGET_NAME)";
				TEST_TARGET_NAME = CCMovedButton;
				USES_XCTRUNNER = YES;
			};
			name = Debug;
		};
		423EB7E41BB65BC000860785 /* Release */ = {
			isa = XCBuildConfiguration;
			buildSettings = {
				INFOPLIST_FILE = CCMovedButtonUITests/Info.plist;
				LD_RUNPATH_SEARCH_PATHS = "$(inherited) @executable_path/Frameworks @loader_path/Frameworks";
				PRODUCT_BUNDLE_IDENTIFIER = Snake.CCMovedButtonUITests;
				PRODUCT_NAME = "$(TARGET_NAME)";
				TEST_TARGET_NAME = CCMovedButton;
				USES_XCTRUNNER = YES;
			};
			name = Release;
		};
/* End XCBuildConfiguration section */

/* Begin XCConfigurationList section */
		423EB7AA1BB65BC000860785 /* Build configuration list for PBXProject "CCMovedButton" */ = {
			isa = XCConfigurationList;
			buildConfigurations = (
				423EB7DA1BB65BC000860785 /* Debug */,
				423EB7DB1BB65BC000860785 /* Release */,
			);
			defaultConfigurationIsVisible = 0;
			defaultConfigurationName = Release;
		};
		423EB7DC1BB65BC000860785 /* Build configuration list for PBXNativeTarget "CCMovedButton" */ = {
			isa = XCConfigurationList;
			buildConfigurations = (
				423EB7DD1BB65BC000860785 /* Debug */,
				423EB7DE1BB65BC000860785 /* Release */,
			);
			defaultConfigurationIsVisible = 0;
		};
		423EB7DF1BB65BC000860785 /* Build configuration list for PBXNativeTarget "CCMovedButtonTests" */ = {
			isa = XCConfigurationList;
			buildConfigurations = (
				423EB7E01BB65BC000860785 /* Debug */,
				423EB7E11BB65BC000860785 /* Release */,
			);
			defaultConfigurationIsVisible = 0;
		};
		423EB7E21BB65BC000860785 /* Build configuration list for PBXNativeTarget "CCMovedButtonUITests" */ = {
			isa = XCConfigurationList;
			buildConfigurations = (
				423EB7E31BB65BC000860785 /* Debug */,
				423EB7E41BB65BC000860785 /* Release */,
			);
			defaultConfigurationIsVisible = 0;
		};
/* End XCConfigurationList section */
	};
	rootObject = 423EB7A71BB65BC000860785 /* Project object */;
}
